{
  "lockfileVersion": 1,
  "configVersion": 0,
  "workspaces": {
    "": {
      "name": "medplan",
      "dependencies": {
        "@creativebulma/bulma-tooltip": "francesco-loreti/bulma-tooltip",
        "@fortawesome/fontawesome-free": "^6.7.2",
        "@fortawesome/fontawesome-svg-core": "^6.7.2",
        "@fortawesome/free-brands-svg-icons": "^6.7.2",
        "@fortawesome/free-solid-svg-icons": "^6.7.2",
        "@fullcalendar/core": "6.1.18",
        "@fullcalendar/daygrid": "6.1.18",
        "@fullcalendar/interaction": "6.1.18",
        "@hotwired/stimulus": "^3.2.2",
        "@hotwired/turbo-rails": "^8.0.20",
        "@rails/actioncable": "^8.1.100",
        "@rails/actiontext": "^8.1.100",
        "@rails/activestorage": "^8.1.100",
        "@rails/request.js": "^0.0.12",
        "@samlam140330/bulma-switch": "^1.0.2",
        "@sweetalert2/themes": "^5.0.27",
        "bulma": "^1.0.4",
        "bulma-quickview": "francesco-loreti/bulma-quickview",
        "dual-listbox": "francesco-loreti/dual-listbox",
        "flatpickr": "^4.6.13",
        "moment": "^2.30.1",
        "smart-timeout": "^2.7.1",
        "sweetalert2": "^11.26.3",
        "trix": "^2.1.15",
      },
    },
  },
  "packages": {
    "@creativebulma/bulma-tooltip": ["@creativebulma/bulma-tooltip@github:francesco-loreti/bulma-tooltip#0983464", {}, "francesco-loreti-bulma-tooltip-0983464"],

    "@fortawesome/fontawesome-common-types": ["@fortawesome/fontawesome-common-types@6.7.2", "", {}, "sha512-Zs+YeHUC5fkt7Mg1l6XTniei3k4bwG/yo3iFUtZWd/pMx9g3fdvkSK9E0FOC+++phXOka78uJcYb8JaFkW52Xg=="],

    "@fortawesome/fontawesome-free": ["@fortawesome/fontawesome-free@6.7.2", "", {}, "sha512-JUOtgFW6k9u4Y+xeIaEiLr3+cjoUPiAuLXoyKOJSia6Duzb7pq+A76P9ZdPDoAoxHdHzq6gE9/jKBGXlZT8FbA=="],

    "@fortawesome/fontawesome-svg-core": ["@fortawesome/fontawesome-svg-core@6.7.2", "", { "dependencies": { "@fortawesome/fontawesome-common-types": "6.7.2" } }, "sha512-yxtOBWDrdi5DD5o1pmVdq3WMCvnobT0LU6R8RyyVXPvFRd2o79/0NCuQoCjNTeZz9EzA9xS3JxNWfv54RIHFEA=="],

    "@fortawesome/free-brands-svg-icons": ["@fortawesome/free-brands-svg-icons@6.7.2", "", { "dependencies": { "@fortawesome/fontawesome-common-types": "6.7.2" } }, "sha512-zu0evbcRTgjKfrr77/2XX+bU+kuGfjm0LbajJHVIgBWNIDzrhpRxiCPNT8DW5AdmSsq7Mcf9D1bH0aSeSUSM+Q=="],

    "@fortawesome/free-solid-svg-icons": ["@fortawesome/free-solid-svg-icons@6.7.2", "", { "dependencies": { "@fortawesome/fontawesome-common-types": "6.7.2" } }, "sha512-GsBrnOzU8uj0LECDfD5zomZJIjrPhIlWU82AHwa2s40FKH+kcxQaBvBo3Z4TxyZHIyX8XTDxsyA33/Vx9eFuQA=="],

    "@fullcalendar/core": ["@fullcalendar/core@6.1.18", "", { "dependencies": { "preact": "~10.12.1" } }, "sha512-cD7XtZIZZ87Cg2+itnpsONCsZ89VIfLLDZ22pQX4IQVWlpYUB3bcCf878DhWkqyEen6dhi5ePtBoqYgm5K+0fQ=="],

    "@fullcalendar/daygrid": ["@fullcalendar/daygrid@6.1.18", "", { "peerDependencies": { "@fullcalendar/core": "~6.1.18" } }, "sha512-s452Zle1SdMEzZDw+pDczm8m3JLIZzS9ANMThXTnqeqJewW1gqNFYas18aHypJSgF9Fh9rDJjTSUw04BpXB/Mg=="],

    "@fullcalendar/interaction": ["@fullcalendar/interaction@6.1.18", "", { "peerDependencies": { "@fullcalendar/core": "~6.1.18" } }, "sha512-f/mD5RTjzw+Q6MGTMZrLCgIrQLIUUO9NV/58aM2J6ZBQZeRlNizDqmqldqyG+j49zj2vFhUfZibPrVKWm5yA4Q=="],

    "@hotwired/stimulus": ["@hotwired/stimulus@3.2.2", "", {}, "sha512-eGeIqNOQpXoPAIP7tC1+1Yc1yl1xnwYqg+3mzqxyrbE5pg5YFBZcA6YoTiByJB6DKAEsiWtl6tjTJS4IYtbB7A=="],

    "@hotwired/turbo": ["@hotwired/turbo@8.0.23", "", {}, "sha512-GZ7cijxEZ6Ig71u7rD6LHaRv/wcE/hNsc+nEfiWOkLNqUgLOwo5MNGWOy5ZV9ZUDSiQx1no7YxjTNnT4O6//cQ=="],

    "@hotwired/turbo-rails": ["@hotwired/turbo-rails@8.0.23", "", { "dependencies": { "@hotwired/turbo": "^8.0.23", "@rails/actioncable": ">=7.0" } }, "sha512-iBILwda3qmQC7FYM70+4s6kEQ7Fx9dJ6+yGxjPyrz9a5JDx1+y7OAA5TA7GGVOZJoicMLrKGdFDNorl40X35lw=="],

    "@rails/actioncable": ["@rails/actioncable@8.1.200", "", {}, "sha512-on0DSb7AFUkq1ocxivDNQhhGW/RQpY91zvRVyyaEWP4gOOZWy33P/UyxjQk74IENWNrTqs8+zOGHwTjiiFruRw=="],

    "@rails/actiontext": ["@rails/actiontext@8.1.200", "", { "dependencies": { "@rails/activestorage": ">= 8.1.0-alpha" }, "peerDependencies": { "trix": "^2.0.0" } }, "sha512-l4OuFLZbQB+A3yCNOzX0Y4Tn7XSekfuYjy20TiBuf+4Q5JKTnfuybHrQ5cDk/9DbwWE9sdWcdbODFUIYd4tczg=="],

    "@rails/activestorage": ["@rails/activestorage@8.1.200", "", { "dependencies": { "spark-md5": "^3.0.1" } }, "sha512-bPZqv447REBd1NQfba//FjgUqbUd93zKh7+BWhh3vRZ7Nm+RUgm6c5GbWctmik/rMHjsruTHhusYGyoKyf60pg=="],

    "@rails/request.js": ["@rails/request.js@0.0.12", "", {}, "sha512-g3//JBja1s04Zflj7IoMLQuXza9i4ZvtLmm0r0dMwh1QQUs6rL2iKUOGGyERfLsd81SnXC5ucfVV//rtsDlEEA=="],

    "@samlam140330/bulma-switch": ["@samlam140330/bulma-switch@1.0.2", "", {}, "sha512-frwTXuB8KQRl0gu+s69wwJQdrvsTsPeKpb+P59ZdW3gYovO8r/nt5lOKSqUASGAdXDxReoOKhUVy9R6YxCIPuA=="],

    "@sweetalert2/themes": ["@sweetalert2/themes@5.0.27", "", { "peerDependencies": { "sweetalert2": "^11.0.0" } }, "sha512-qW7bfc1Kfsis+spUfh0ucOYoVdZtTY0IS0LP0Qa/Ri1RO84/JGyTaohmIvB/XG8Xonoj4vup3VjlBPcH5uIO9w=="],

    "@types/trusted-types": ["@types/trusted-types@2.0.7", "", {}, "sha512-ScaPdn1dQczgbl0QFTeTOmVHFULt394XJgOQNoyVhZ6r2vLnMLJfBPd53SB52T/3G36VI1/g2MZaX0cwDuXsfw=="],

    "anymatch": ["anymatch@3.1.3", "", { "dependencies": { "normalize-path": "^3.0.0", "picomatch": "^2.0.4" } }, "sha512-KMReFUr0B4t+D+OBkjR3KYqvocp2XaSzO55UcB6mgQMd3KbcE+mWTyvVV7D/zsdEbNnV6acZUutkiHQXvTr1Rw=="],

    "balanced-match": ["balanced-match@1.0.2", "", {}, "sha512-3oSeUO0TMV67hN1AmbXsK4yaqU7tjiHlbxRDZOpH0KW9+CeX4bRAaX0Anxt0tx2MrpRpWwQaPwIlISEJhYU5Pw=="],

    "binary-extensions": ["binary-extensions@2.3.0", "", {}, "sha512-Ceh+7ox5qe7LJuLHoY0feh3pHuUDHAcRUeyL2VYghZwfpkNIy/+8Ocg0a3UuSoYzavmylwuLWQOf3hl0jjMMIw=="],

    "brace-expansion": ["brace-expansion@1.1.11", "", { "dependencies": { "balanced-match": "^1.0.0", "concat-map": "0.0.1" } }, "sha512-iCuPHDFgrHX7H2vEI/5xpz07zSHB00TpugqhmYtVmMO6518mCuRMoOYFldEBl0g187ufozdaHgWKcYFb61qGiA=="],

    "braces": ["braces@3.0.3", "", { "dependencies": { "fill-range": "^7.1.1" } }, "sha512-yQbXgO/OSZVD2IsiLlro+7Hf6Q18EJrKSEsdoMzKePKXct3gvD8oLcOQdIzGupr5Fj+EDe8gO/lxc1BzfMpxvA=="],

    "bulma": ["bulma@1.0.4", "", {}, "sha512-Ffb6YGXDiZYX3cqvSbHWqQ8+LkX6tVoTcZuVB3lm93sbAVXlO0D6QlOTMnV6g18gILpAXqkG2z9hf9z4hCjz2g=="],

    "bulma-quickview": ["bulma-quickview@github:francesco-loreti/bulma-quickview#fa33d11", {}, "francesco-loreti-bulma-quickview-fa33d11"],

    "chokidar": ["chokidar@3.6.0", "", { "dependencies": { "anymatch": "~3.1.2", "braces": "~3.0.2", "glob-parent": "~5.1.2", "is-binary-path": "~2.1.0", "is-glob": "~4.0.1", "normalize-path": "~3.0.0", "readdirp": "~3.6.0" }, "optionalDependencies": { "fsevents": "~2.3.2" } }, "sha512-7VT13fmjotKpGipCW9JEQAusEPE+Ei8nl6/g4FBAmIm0GOOLMua9NDDo/DWp0ZAxCr3cPq5ZpBqmPAQgDda2Pw=="],

    "concat-map": ["concat-map@0.0.1", "", {}, "sha512-/Srv4dswyQNBfohGpz9o6Yb3Gz3SrUDqBH5rTuhGR7ahtlbYKnVxw2bCFMRljaA7EXHaXZ8wsHdodFvbkhKmqg=="],

    "debug": ["debug@3.2.7", "", { "dependencies": { "ms": "^2.1.1" } }, "sha512-CFjzYYAi4ThfiQvizrFQevTTXHtnCqWfe7x1AhgEscTz6ZbLbfoLRLPugTQyBth6f8ZERVUSyWHFD/7Wu4t1XQ=="],

    "dompurify": ["dompurify@3.2.6", "", { "optionalDependencies": { "@types/trusted-types": "^2.0.7" } }, "sha512-/2GogDQlohXPZe6D6NOgQvXLPSYBqIWMnZ8zzOhn09REE4eyAzb+Hed3jhoM9OkuaJ8P6ZGTTVWQKAi8ieIzfQ=="],

    "dual-listbox": ["dual-listbox@github:francesco-loreti/dual-listbox#4bcb2b2", { "dependencies": { "nodemon": "^2.0.20", "prettier": "^2.6.2" } }, "francesco-loreti-dual-listbox-4bcb2b2"],

    "fill-range": ["fill-range@7.1.1", "", { "dependencies": { "to-regex-range": "^5.0.1" } }, "sha512-YsGpe3WHLK8ZYi4tWDg2Jy3ebRz2rXowDxnld4bkQB00cc/1Zw9AWnC0i9ztDJitivtQvaI9KaLyKrc+hBW0yg=="],

    "flatpickr": ["flatpickr@4.6.13", "", {}, "sha512-97PMG/aywoYpB4IvbvUJi0RQi8vearvU0oov1WW3k0WZPBMrTQVqekSX5CjSG/M4Q3i6A/0FKXC7RyAoAUUSPw=="],

    "fsevents": ["fsevents@2.3.3", "", { "os": "darwin" }, "sha512-5xoDfX+fL7faATnagmWPpbFtwh/R77WmMMqqHGS65C3vvB0YHrgF+B1YmZ3441tMj5n63k0212XNoJwzlhffQw=="],

    "glob-parent": ["glob-parent@5.1.2", "", { "dependencies": { "is-glob": "^4.0.1" } }, "sha512-AOIgSQCepiJYwP3ARnGx+5VnTu2HBYdzbGP45eLw1vr3zB3vZLeyed1sC9hnbcOc9/SrMyM5RPQrkGz4aS9Zow=="],

    "has-flag": ["has-flag@3.0.0", "", {}, "sha512-sKJf1+ceQBr4SMkvQnBDNDtf4TXpVhVGateu0t918bl30FnbE2m4vNLX+VWe/dpjlb+HugGYzW7uQXH98HPEYw=="],

    "ignore-by-default": ["ignore-by-default@1.0.1", "", {}, "sha512-Ius2VYcGNk7T90CppJqcIkS5ooHUZyIQK+ClZfMfMNFEF9VSE73Fq+906u/CWu92x4gzZMWOwfFYckPObzdEbA=="],

    "is-binary-path": ["is-binary-path@2.1.0", "", { "dependencies": { "binary-extensions": "^2.0.0" } }, "sha512-ZMERYes6pDydyuGidse7OsHxtbI7WVeUEozgR/g7rd0xUimYNlvZRE/K2MgZTjWy725IfelLeVcEM97mmtRGXw=="],

    "is-extglob": ["is-extglob@2.1.1", "", {}, "sha512-SbKbANkN603Vi4jEZv49LeVJMn4yGwsbzZworEoyEiutsN3nJYdbO36zfhGJ6QEDpOZIFkDtnq5JRxmvl3jsoQ=="],

    "is-glob": ["is-glob@4.0.3", "", { "dependencies": { "is-extglob": "^2.1.1" } }, "sha512-xelSayHH36ZgE7ZWhli7pW34hNbNl8Ojv5KVmkJD4hBdD3th8Tfk9vYasLM+mXWOZhFkgZfxhLSnrwRr4elSSg=="],

    "is-number": ["is-number@7.0.0", "", {}, "sha512-41Cifkg6e8TylSpdtTpeLVMqvSBEVzTttHvERD741+pnZ8ANv0004MRL43QKPDlK9cGvNp6NZWZUBlbGXYxxng=="],

    "minimatch": ["minimatch@3.1.2", "", { "dependencies": { "brace-expansion": "^1.1.7" } }, "sha512-J7p63hRiAjw1NDEww1W7i37+ByIrOWO5XQQAzZ3VOcL0PNybwpfmV/N05zFAzwQ9USyEcX6t3UO+K5aqBQOIHw=="],

    "moment": ["moment@2.30.1", "", {}, "sha512-uEmtNhbDOrWPFS+hdjFCBfy9f2YoyzRpwcl+DqpC6taX21FzsTLQVbMV/W7PzNSX6x/bhC1zA3c2UQ5NzH6how=="],

    "ms": ["ms@2.1.3", "", {}, "sha512-6FlzubTLZG3J2a/NVCAleEhjzq5oxgHyaCU9yYXvcLsvoVaHJq/s5xXI6/XXP6tz7R9xAOtHnSO/tXtF3WRTlA=="],

    "nodemon": ["nodemon@2.0.22", "", { "dependencies": { "chokidar": "^3.5.2", "debug": "^3.2.7", "ignore-by-default": "^1.0.1", "minimatch": "^3.1.2", "pstree.remy": "^1.1.8", "semver": "^5.7.1", "simple-update-notifier": "^1.0.7", "supports-color": "^5.5.0", "touch": "^3.1.0", "undefsafe": "^2.0.5" }, "bin": { "nodemon": "bin/nodemon.js" } }, "sha512-B8YqaKMmyuCO7BowF1Z1/mkPqLk6cs/l63Ojtd6otKjMx47Dq1utxfRxcavH1I7VSaL8n5BUaoutadnsX3AAVQ=="],

    "normalize-path": ["normalize-path@3.0.0", "", {}, "sha512-6eZs5Ls3WtCisHWp9S2GUy8dqkpGi4BVSz3GaqiE6ezub0512ESztXUwUB6C6IKbQkY2Pnb/mD4WYojCRwcwLA=="],

    "picomatch": ["picomatch@2.3.1", "", {}, "sha512-JU3teHTNjmE2VCGFzuY8EXzCDVwEqB2a8fsIvwaStHhAWJEeVd1o1QD80CU6+ZdEXXSLbSsuLwJjkCBWqRQUVA=="],

    "preact": ["preact@10.12.1", "", {}, "sha512-l8386ixSsBdbreOAkqtrwqHwdvR35ID8c3rKPa8lCWuO86dBi32QWHV4vfsZK1utLLFMvw+Z5Ad4XLkZzchscg=="],

    "prettier": ["prettier@2.8.8", "", { "bin": { "prettier": "bin-prettier.js" } }, "sha512-tdN8qQGvNjw4CHbY+XXk0JgCXn9QiF21a55rBe5LJAU+kDyC4WQn4+awm2Xfk2lQMk5fKup9XgzTZtGkjBdP9Q=="],

    "pstree.remy": ["pstree.remy@1.1.8", "", {}, "sha512-77DZwxQmxKnu3aR542U+X8FypNzbfJ+C5XQDk3uWjWxn6151aIMGthWYRXTqT1E5oJvg+ljaa2OJi+VfvCOQ8w=="],

    "readdirp": ["readdirp@3.6.0", "", { "dependencies": { "picomatch": "^2.2.1" } }, "sha512-hOS089on8RduqdbhvQ5Z37A0ESjsqz6qnRcffsMU3495FuTdqSm+7bhJ29JvIOsBDEEnan5DPu9t3To9VRlMzA=="],

    "semver": ["semver@5.7.2", "", { "bin": { "semver": "bin/semver" } }, "sha512-cBznnQ9KjJqU67B52RMC65CMarK2600WFnbkcaiwWq3xy/5haFJlshgnpjovMVJ+Hff49d8GEn0b87C5pDQ10g=="],

    "simple-update-notifier": ["simple-update-notifier@1.1.0", "", { "dependencies": { "semver": "~7.0.0" } }, "sha512-VpsrsJSUcJEseSbMHkrsrAVSdvVS5I96Qo1QAQ4FxQ9wXFcB+pjj7FB7/us9+GcgfW4ziHtYMc1J0PLczb55mg=="],

    "smart-timeout": ["smart-timeout@2.7.1", "", {}, "sha512-+faXk3n+VYScHa1vUeDM4J7O0nZJfvKD3TfHfbvLdJ8fohAdmblcyfM9R9vNcDDywmXks9XqkF4ea5cVGH7bIQ=="],

    "spark-md5": ["spark-md5@3.0.2", "", {}, "sha512-wcFzz9cDfbuqe0FZzfi2or1sgyIrsDwmPwfZC4hiNidPdPINjeUwNfv5kldczoEAcjl9Y1L3SM7Uz2PUEQzxQw=="],

    "supports-color": ["supports-color@5.5.0", "", { "dependencies": { "has-flag": "^3.0.0" } }, "sha512-QjVjwdXIt408MIiAqCX4oUKsgU2EqAGzs2Ppkm4aQYbjm+ZEWEcW4SfFNTr4uMNZma0ey4f5lgLrkB0aX0QMow=="],

    "sweetalert2": ["sweetalert2@11.26.18", "", {}, "sha512-3O5feBqV+hTIOwCRKGuZGHosjiuBAKP/vpBl6vKFZeVYfCUGdXqXuuidn6YXHan3f6e62UdmnjwJBt8UtDVBhg=="],

    "to-regex-range": ["to-regex-range@5.0.1", "", { "dependencies": { "is-number": "^7.0.0" } }, "sha512-65P7iz6X5yEr1cwcgvQxbbIw7Uk3gOy5dIdtZ4rDveLqhrdJP+Li/Hx6tyK0NEb+2GCyneCMJiGqrADCSNk8sQ=="],

    "touch": ["touch@3.1.1", "", { "bin": { "nodetouch": "bin/nodetouch.js" } }, "sha512-r0eojU4bI8MnHr8c5bNo7lJDdI2qXlWWJk6a9EAFG7vbhTjElYhBVS3/miuE0uOuoLdb8Mc/rVfsmm6eo5o9GA=="],

    "trix": ["trix@2.1.16", "", { "dependencies": { "dompurify": "^3.2.5" } }, "sha512-XtZgWI+oBvLzX7CWnkIf+ZWC+chL+YG/TkY43iMTV0Zl+CJjn18B1GJUCEWJ8qgfpcyMBuysnNAfPWiv2sV14A=="],

    "undefsafe": ["undefsafe@2.0.5", "", {}, "sha512-WxONCrssBM8TSPRqN5EmsjVrsv4A8X12J4ArBiiayv3DyyG3ZlIg6yysuuSYdZsVz3TKcTg2fd//Ujd4CHV1iA=="],

    "simple-update-notifier/semver": ["semver@7.0.0", "", { "bin": { "semver": "bin/semver.js" } }, "sha512-+GB6zVA9LWh6zovYQLALHwv5rb2PHGlJi3lfiqIHxR0uuwCgefcOJc59v9fv1w8GbStwxuuqqAjI9NMAOOgq1A=="],
  }
}
